
Microsoft Visual Studio Solution File, Format Version 12.00
# Visual Studio Version 16
VisualStudioVersion = 16.0.30320.27
MinimumVisualStudioVersion = 10.0.40219.1
Project("{FAE04EC0-301F-11D3-BF4B-00C04F79EFBC}") = "LstFile", "..\LstFile\LstFile.csproj", "{9BDDE9E0-04D6-423C-96EE-378C2674C30C}"
EndProject
Global
	GlobalSection(SolutionConfigurationPlatforms) = preSolution
		Debug|Any CPU = Debug|Any CPU
		Release|Any CPU = Release|Any CPU
	EndGlobalSection
	GlobalSection(ProjectConfigurationPlatforms) = postSolution
		{9BDDE9E0-04D6-423C-96EE-378C2674C30C}.Debug|Any CPU.ActiveCfg = Debug|Any CPU
		{9BDDE9E0-04D6-423C-96EE-378C2674C30C}.Debug|Any CPU.Build.0 = Debug|Any CPU
		{9BDDE9E0-04D6-423C-96EE-378C2674C30C}.Release|Any CPU.ActiveCfg = Release|Any CPU
		{9BDDE9E0-04D6-423C-96EE-378C2674C30C}.Release|Any CPU.Build.0 = Release|Any CPU
	EndGlobalSection
	GlobalSection(SolutionProperties) = preSolution
		HideSolutionNode = FALSE
	EndGlobalSection
	GlobalSection(ExtensibilityGlobals) = postSolution
		SolutionGuid = {1F209375-BBF0-40E0-8F77-5C4A4F7EACBF}
	EndGlobalSection
EndGlobal
