
Microsoft Visual Studio Solution File, Format Version 12.00
# Visual Studio Version 16
VisualStudioVersion = 16.0.30320.27
MinimumVisualStudioVersion = 10.0.40219.1
Project("{888888A0-9F3D-457C-B088-3A5042F75D52}") = "CreaspisPY", "CreaspisPY.pyproj", "{86A404ED-3776-44DC-86E1-6A40597A4E05}"
EndProject
Global
	GlobalSection(SolutionConfigurationPlatforms) = preSolution
		Debug|Any CPU = Debug|Any CPU
		Release|Any CPU = Release|Any CPU
	EndGlobalSection
	GlobalSection(ProjectConfigurationPlatforms) = postSolution
		{86A404ED-3776-44DC-86E1-6A40597A4E05}.Debug|Any CPU.ActiveCfg = Debug|Any CPU
		{86A404ED-3776-44DC-86E1-6A40597A4E05}.Release|Any CPU.ActiveCfg = Release|Any CPU
	EndGlobalSection
	GlobalSection(SolutionProperties) = preSolution
		HideSolutionNode = FALSE
	EndGlobalSection
	GlobalSection(ExtensibilityGlobals) = postSolution
		SolutionGuid = {B7B7F030-2739-46FB-B19F-23325B1A8EC6}
	EndGlobalSection
EndGlobal
